<Solution>
  <Configurations>
    <Platform Name="x64" />
    <Platform Name="x86" />
  </Configurations>

  <Project Path="Amusement_Park_Ticket_System/Amusement_Park_Ticket_System.vcxproj" />
  <Project Path="UnitTest1/UnitTest1.vcxproj" />
  <Project Path="UnitTest2/UnitTest2.vcxproj" />
  <Project Path="UnitTest3/UnitTest3.vcxproj" />
</Solution>